
Microsoft Visual Studio Solution File, Format Version 12.00
# Visual Studio Version 17
VisualStudioVersion = 17.7.34024.191
MinimumVisualStudioVersion = 10.0.40219.1
Project("{8BC9CEB8-8B4A-11D0-8D11-00A0C91BC942}") = "FirstConsoleApplication", "FirstConsoleApplication\FirstConsoleApplication.vcxproj", "{79850FD8-0664-489B-BE7F-04E3D4FB6772}"
EndProject
Project("{8BC9CEB8-8B4A-11D0-8D11-00A0C91BC942}") = "VariableConsoleApplication", "VariableConsoleApplication\VariableConsoleApplication.vcxproj", "{EC8EC92C-7C3C-4FD0-9448-C14C9CB54F3F}"
EndProject
Project("{2150E333-8FDC-42A3-9474-1A3956D46DE8}") = "01 Podstawy", "01 Podstawy", "{222E228C-E55B-43D5-9B60-759E20DC56D0}"
EndProject
Project("{2150E333-8FDC-42A3-9474-1A3956D46DE8}") = "02 Instrukcje decyzyjne", "02 Instrukcje decyzyjne", "{499188E5-B7B9-4D3E-BA6B-90041AFE459B}"
EndProject
Project("{8BC9CEB8-8B4A-11D0-8D11-00A0C91BC942}") = "InstructionIfConsoleApplication", "InstructionIfConsoleApplication\InstructionIfConsoleApplication.vcxproj", "{51F6B21B-7946-42E7-A215-9FF50BFA95F5}"
EndProject
Project("{8BC9CEB8-8B4A-11D0-8D11-00A0C91BC942}") = "LoopDoWhileConsoleApplication", "LoopDoWhileConsoleApplication\LoopDoWhileConsoleApplication.vcxproj", "{2E0ED6D7-25A6-4338-A27B-5A1307F78C34}"
EndProject
Project("{8BC9CEB8-8B4A-11D0-8D11-00A0C91BC942}") = "LoopWhileConsoleApplication", "LoopWhileConsoleApplication\LoopWhileConsoleApplication.vcxproj", "{3E8AB7EF-CB4A-4914-B3F0-AFBCA643A74D}"
EndProject
Project("{2150E333-8FDC-42A3-9474-1A3956D46DE8}") = "NewFolder1", "NewFolder1", "{9ABC574D-7B95-44FF-9091-ACAC313DF642}"
EndProject
Project("{8BC9CEB8-8B4A-11D0-8D11-00A0C91BC942}") = "LoopForConsoleApplication", "LoopForConsoleApplication\LoopForConsoleApplication.vcxproj", "{3A512641-20AA-48ED-8ADE-F97501221189}"
EndProject
Project("{2150E333-8FDC-42A3-9474-1A3956D46DE8}") = "03. Kolekcje", "03. Kolekcje", "{C20835B6-018F-4595-BBE8-4E1C6AFADBFB}"
EndProject
Project("{8BC9CEB8-8B4A-11D0-8D11-00A0C91BC942}") = "CharactersConsoleApplication", "CharactersConsoleApplication\CharactersConsoleApplication.vcxproj", "{0F0FC569-FFFD-4EB3-ABBD-1900F3D0EB5F}"
EndProject
Project("{8BC9CEB8-8B4A-11D0-8D11-00A0C91BC942}") = "ArrayConsoleApplication", "ArrayConsoleApplication\ArrayConsoleApplication.vcxproj", "{31F39158-6D3D-4DD0-AC33-56BC216704B6}"
EndProject
Project("{2150E333-8FDC-42A3-9474-1A3956D46DE8}") = "04. Funkcje", "04. Funkcje", "{646C9212-E45A-419B-BCD2-7D62F5A67837}"
EndProject
Project("{8BC9CEB8-8B4A-11D0-8D11-00A0C91BC942}") = "FunctionConsoleApplication", "FunctionConsoleApplication\FunctionConsoleApplication.vcxproj", "{5EC9C9ED-63D8-4345-AE71-832A6A6E2B27}"
EndProject
Project("{2150E333-8FDC-42A3-9474-1A3956D46DE8}") = "05. Wskaźniki", "05. Wskaźniki", "{C1C120AF-9653-4861-A968-79DE751681C5}"
EndProject
Project("{8BC9CEB8-8B4A-11D0-8D11-00A0C91BC942}") = "PointersConsoleApplication", "PointersConsoleApplication\PointersConsoleApplication.vcxproj", "{5E9B00D6-080F-416A-91CE-77DC78DD9AF3}"
EndProject
Project("{2150E333-8FDC-42A3-9474-1A3956D46DE8}") = "06. Zadania", "06. Zadania", "{A351E90E-0096-4AFE-957C-3665E0103135}"
EndProject
Project("{8BC9CEB8-8B4A-11D0-8D11-00A0C91BC942}") = "TasksConsoleApplication", "TasksConsoleApplication\TasksConsoleApplication.vcxproj", "{92BE0BC1-10E5-44E4-A077-E188F34D6B74}"
EndProject
Project("{2150E333-8FDC-42A3-9474-1A3956D46DE8}") = "Strukturen", "Strukturen", "{9216BE6B-6A01-4FEE-87E6-F22D21978EC5}"
EndProject
Project("{2150E333-8FDC-42A3-9474-1A3956D46DE8}") = "Obiektowe", "Obiektowe", "{90A1CE7B-45C7-41DF-B5C0-721FA0F93F27}"
EndProject
Project("{8BC9CEB8-8B4A-11D0-8D11-00A0C91BC942}") = "ConsoleApplication1", "ConsoleApplication1\ConsoleApplication1.vcxproj", "{6E3CF7F7-3622-49ED-B2E1-790EB84E6727}"
EndProject
Project("{8BC9CEB8-8B4A-11D0-8D11-00A0C91BC942}") = "StringConsoleApplication", "StringConsoleApplication\StringConsoleApplication.vcxproj", "{FD7C5822-A49F-47B5-94E2-CADD7E28F9DC}"
EndProject
Project("{2150E333-8FDC-42A3-9474-1A3956D46DE8}") = "Matura", "Matura", "{0ADD8400-C72A-446A-A414-6658907E54A2}"
EndProject
Project("{8BC9CEB8-8B4A-11D0-8D11-00A0C91BC942}") = "Matura2022MajConsoleApplication", "Matura2022MajConsoleApplication\Matura2022MajConsoleApplication.vcxproj", "{DC402B7B-010C-4D12-B9E4-291C442CE476}"
EndProject
Project("{2150E333-8FDC-42A3-9474-1A3956D46DE8}") = "MaturaCzerwiec", "MaturaCzerwiec", "{6EE4D43C-9161-40EC-BC51-11BC8531F624}"
EndProject
Project("{8BC9CEB8-8B4A-11D0-8D11-00A0C91BC942}") = "Matura2022CzerwiecConsoleApplication", "Matura2022CzerwiecConsoleApplication\Matura2022CzerwiecConsoleApplication.vcxproj", "{AA7B3299-7508-40FE-A401-71425E553FBB}"
EndProject
Global
	GlobalSection(SolutionConfigurationPlatforms) = preSolution
		Debug|x64 = Debug|x64
		Debug|x86 = Debug|x86
		Release|x64 = Release|x64
		Release|x86 = Release|x86
	EndGlobalSection
	GlobalSection(ProjectConfigurationPlatforms) = postSolution
		{79850FD8-0664-489B-BE7F-04E3D4FB6772}.Debug|x64.ActiveCfg = Debug|x64
		{79850FD8-0664-489B-BE7F-04E3D4FB6772}.Debug|x64.Build.0 = Debug|x64
		{79850FD8-0664-489B-BE7F-04E3D4FB6772}.Debug|x86.ActiveCfg = Debug|Win32
		{79850FD8-0664-489B-BE7F-04E3D4FB6772}.Debug|x86.Build.0 = Debug|Win32
		{79850FD8-0664-489B-BE7F-04E3D4FB6772}.Release|x64.ActiveCfg = Release|x64
		{79850FD8-0664-489B-BE7F-04E3D4FB6772}.Release|x64.Build.0 = Release|x64
		{79850FD8-0664-489B-BE7F-04E3D4FB6772}.Release|x86.ActiveCfg = Release|Win32
		{79850FD8-0664-489B-BE7F-04E3D4FB6772}.Release|x86.Build.0 = Release|Win32
		{EC8EC92C-7C3C-4FD0-9448-C14C9CB54F3F}.Debug|x64.ActiveCfg = Debug|x64
		{EC8EC92C-7C3C-4FD0-9448-C14C9CB54F3F}.Debug|x64.Build.0 = Debug|x64
		{EC8EC92C-7C3C-4FD0-9448-C14C9CB54F3F}.Debug|x86.ActiveCfg = Debug|Win32
		{EC8EC92C-7C3C-4FD0-9448-C14C9CB54F3F}.Debug|x86.Build.0 = Debug|Win32
		{EC8EC92C-7C3C-4FD0-9448-C14C9CB54F3F}.Release|x64.ActiveCfg = Release|x64
		{EC8EC92C-7C3C-4FD0-9448-C14C9CB54F3F}.Release|x64.Build.0 = Release|x64
		{EC8EC92C-7C3C-4FD0-9448-C14C9CB54F3F}.Release|x86.ActiveCfg = Release|Win32
		{EC8EC92C-7C3C-4FD0-9448-C14C9CB54F3F}.Release|x86.Build.0 = Release|Win32
		{51F6B21B-7946-42E7-A215-9FF50BFA95F5}.Debug|x64.ActiveCfg = Debug|x64
		{51F6B21B-7946-42E7-A215-9FF50BFA95F5}.Debug|x64.Build.0 = Debug|x64
		{51F6B21B-7946-42E7-A215-9FF50BFA95F5}.Debug|x86.ActiveCfg = Debug|Win32
		{51F6B21B-7946-42E7-A215-9FF50BFA95F5}.Debug|x86.Build.0 = Debug|Win32
		{51F6B21B-7946-42E7-A215-9FF50BFA95F5}.Release|x64.ActiveCfg = Release|x64
		{51F6B21B-7946-42E7-A215-9FF50BFA95F5}.Release|x64.Build.0 = Release|x64
		{51F6B21B-7946-42E7-A215-9FF50BFA95F5}.Release|x86.ActiveCfg = Release|Win32
		{51F6B21B-7946-42E7-A215-9FF50BFA95F5}.Release|x86.Build.0 = Release|Win32
		{2E0ED6D7-25A6-4338-A27B-5A1307F78C34}.Debug|x64.ActiveCfg = Debug|x64
		{2E0ED6D7-25A6-4338-A27B-5A1307F78C34}.Debug|x64.Build.0 = Debug|x64
		{2E0ED6D7-25A6-4338-A27B-5A1307F78C34}.Debug|x86.ActiveCfg = Debug|Win32
		{2E0ED6D7-25A6-4338-A27B-5A1307F78C34}.Debug|x86.Build.0 = Debug|Win32
		{2E0ED6D7-25A6-4338-A27B-5A1307F78C34}.Release|x64.ActiveCfg = Release|x64
		{2E0ED6D7-25A6-4338-A27B-5A1307F78C34}.Release|x64.Build.0 = Release|x64
		{2E0ED6D7-25A6-4338-A27B-5A1307F78C34}.Release|x86.ActiveCfg = Release|Win32
		{2E0ED6D7-25A6-4338-A27B-5A1307F78C34}.Release|x86.Build.0 = Release|Win32
		{3E8AB7EF-CB4A-4914-B3F0-AFBCA643A74D}.Debug|x64.ActiveCfg = Debug|x64
		{3E8AB7EF-CB4A-4914-B3F0-AFBCA643A74D}.Debug|x64.Build.0 = Debug|x64
		{3E8AB7EF-CB4A-4914-B3F0-AFBCA643A74D}.Debug|x86.ActiveCfg = Debug|Win32
		{3E8AB7EF-CB4A-4914-B3F0-AFBCA643A74D}.Debug|x86.Build.0 = Debug|Win32
		{3E8AB7EF-CB4A-4914-B3F0-AFBCA643A74D}.Release|x64.ActiveCfg = Release|x64
		{3E8AB7EF-CB4A-4914-B3F0-AFBCA643A74D}.Release|x64.Build.0 = Release|x64
		{3E8AB7EF-CB4A-4914-B3F0-AFBCA643A74D}.Release|x86.ActiveCfg = Release|Win32
		{3E8AB7EF-CB4A-4914-B3F0-AFBCA643A74D}.Release|x86.Build.0 = Release|Win32
		{3A512641-20AA-48ED-8ADE-F97501221189}.Debug|x64.ActiveCfg = Debug|x64
		{3A512641-20AA-48ED-8ADE-F97501221189}.Debug|x64.Build.0 = Debug|x64
		{3A512641-20AA-48ED-8ADE-F97501221189}.Debug|x86.ActiveCfg = Debug|Win32
		{3A512641-20AA-48ED-8ADE-F97501221189}.Debug|x86.Build.0 = Debug|Win32
		{3A512641-20AA-48ED-8ADE-F97501221189}.Release|x64.ActiveCfg = Release|x64
		{3A512641-20AA-48ED-8ADE-F97501221189}.Release|x64.Build.0 = Release|x64
		{3A512641-20AA-48ED-8ADE-F97501221189}.Release|x86.ActiveCfg = Release|Win32
		{3A512641-20AA-48ED-8ADE-F97501221189}.Release|x86.Build.0 = Release|Win32
		{0F0FC569-FFFD-4EB3-ABBD-1900F3D0EB5F}.Debug|x64.ActiveCfg = Debug|x64
		{0F0FC569-FFFD-4EB3-ABBD-1900F3D0EB5F}.Debug|x64.Build.0 = Debug|x64
		{0F0FC569-FFFD-4EB3-ABBD-1900F3D0EB5F}.Debug|x86.ActiveCfg = Debug|Win32
		{0F0FC569-FFFD-4EB3-ABBD-1900F3D0EB5F}.Debug|x86.Build.0 = Debug|Win32
		{0F0FC569-FFFD-4EB3-ABBD-1900F3D0EB5F}.Release|x64.ActiveCfg = Release|x64
		{0F0FC569-FFFD-4EB3-ABBD-1900F3D0EB5F}.Release|x64.Build.0 = Release|x64
		{0F0FC569-FFFD-4EB3-ABBD-1900F3D0EB5F}.Release|x86.ActiveCfg = Release|Win32
		{0F0FC569-FFFD-4EB3-ABBD-1900F3D0EB5F}.Release|x86.Build.0 = Release|Win32
		{31F39158-6D3D-4DD0-AC33-56BC216704B6}.Debug|x64.ActiveCfg = Debug|x64
		{31F39158-6D3D-4DD0-AC33-56BC216704B6}.Debug|x64.Build.0 = Debug|x64
		{31F39158-6D3D-4DD0-AC33-56BC216704B6}.Debug|x86.ActiveCfg = Debug|Win32
		{31F39158-6D3D-4DD0-AC33-56BC216704B6}.Debug|x86.Build.0 = Debug|Win32
		{31F39158-6D3D-4DD0-AC33-56BC216704B6}.Release|x64.ActiveCfg = Release|x64
		{31F39158-6D3D-4DD0-AC33-56BC216704B6}.Release|x64.Build.0 = Release|x64
		{31F39158-6D3D-4DD0-AC33-56BC216704B6}.Release|x86.ActiveCfg = Release|Win32
		{31F39158-6D3D-4DD0-AC33-56BC216704B6}.Release|x86.Build.0 = Release|Win32
		{5EC9C9ED-63D8-4345-AE71-832A6A6E2B27}.Debug|x64.ActiveCfg = Debug|x64
		{5EC9C9ED-63D8-4345-AE71-832A6A6E2B27}.Debug|x64.Build.0 = Debug|x64
		{5EC9C9ED-63D8-4345-AE71-832A6A6E2B27}.Debug|x86.ActiveCfg = Debug|Win32
		{5EC9C9ED-63D8-4345-AE71-832A6A6E2B27}.Debug|x86.Build.0 = Debug|Win32
		{5EC9C9ED-63D8-4345-AE71-832A6A6E2B27}.Release|x64.ActiveCfg = Release|x64
		{5EC9C9ED-63D8-4345-AE71-832A6A6E2B27}.Release|x64.Build.0 = Release|x64
		{5EC9C9ED-63D8-4345-AE71-832A6A6E2B27}.Release|x86.ActiveCfg = Release|Win32
		{5EC9C9ED-63D8-4345-AE71-832A6A6E2B27}.Release|x86.Build.0 = Release|Win32
		{5E9B00D6-080F-416A-91CE-77DC78DD9AF3}.Debug|x64.ActiveCfg = Debug|x64
		{5E9B00D6-080F-416A-91CE-77DC78DD9AF3}.Debug|x64.Build.0 = Debug|x64
		{5E9B00D6-080F-416A-91CE-77DC78DD9AF3}.Debug|x86.ActiveCfg = Debug|Win32
		{5E9B00D6-080F-416A-91CE-77DC78DD9AF3}.Debug|x86.Build.0 = Debug|Win32
		{5E9B00D6-080F-416A-91CE-77DC78DD9AF3}.Release|x64.ActiveCfg = Release|x64
		{5E9B00D6-080F-416A-91CE-77DC78DD9AF3}.Release|x64.Build.0 = Release|x64
		{5E9B00D6-080F-416A-91CE-77DC78DD9AF3}.Release|x86.ActiveCfg = Release|Win32
		{5E9B00D6-080F-416A-91CE-77DC78DD9AF3}.Release|x86.Build.0 = Release|Win32
		{92BE0BC1-10E5-44E4-A077-E188F34D6B74}.Debug|x64.ActiveCfg = Debug|x64
		{92BE0BC1-10E5-44E4-A077-E188F34D6B74}.Debug|x64.Build.0 = Debug|x64
		{92BE0BC1-10E5-44E4-A077-E188F34D6B74}.Debug|x86.ActiveCfg = Debug|Win32
		{92BE0BC1-10E5-44E4-A077-E188F34D6B74}.Debug|x86.Build.0 = Debug|Win32
		{92BE0BC1-10E5-44E4-A077-E188F34D6B74}.Release|x64.ActiveCfg = Release|x64
		{92BE0BC1-10E5-44E4-A077-E188F34D6B74}.Release|x64.Build.0 = Release|x64
		{92BE0BC1-10E5-44E4-A077-E188F34D6B74}.Release|x86.ActiveCfg = Release|Win32
		{92BE0BC1-10E5-44E4-A077-E188F34D6B74}.Release|x86.Build.0 = Release|Win32
		{6E3CF7F7-3622-49ED-B2E1-790EB84E6727}.Debug|x64.ActiveCfg = Debug|x64
		{6E3CF7F7-3622-49ED-B2E1-790EB84E6727}.Debug|x64.Build.0 = Debug|x64
		{6E3CF7F7-3622-49ED-B2E1-790EB84E6727}.Debug|x86.ActiveCfg = Debug|Win32
		{6E3CF7F7-3622-49ED-B2E1-790EB84E6727}.Debug|x86.Build.0 = Debug|Win32
		{6E3CF7F7-3622-49ED-B2E1-790EB84E6727}.Release|x64.ActiveCfg = Release|x64
		{6E3CF7F7-3622-49ED-B2E1-790EB84E6727}.Release|x64.Build.0 = Release|x64
		{6E3CF7F7-3622-49ED-B2E1-790EB84E6727}.Release|x86.ActiveCfg = Release|Win32
		{6E3CF7F7-3622-49ED-B2E1-790EB84E6727}.Release|x86.Build.0 = Release|Win32
		{FD7C5822-A49F-47B5-94E2-CADD7E28F9DC}.Debug|x64.ActiveCfg = Debug|x64
		{FD7C5822-A49F-47B5-94E2-CADD7E28F9DC}.Debug|x64.Build.0 = Debug|x64
		{FD7C5822-A49F-47B5-94E2-CADD7E28F9DC}.Debug|x86.ActiveCfg = Debug|Win32
		{FD7C5822-A49F-47B5-94E2-CADD7E28F9DC}.Debug|x86.Build.0 = Debug|Win32
		{FD7C5822-A49F-47B5-94E2-CADD7E28F9DC}.Release|x64.ActiveCfg = Release|x64
		{FD7C5822-A49F-47B5-94E2-CADD7E28F9DC}.Release|x64.Build.0 = Release|x64
		{FD7C5822-A49F-47B5-94E2-CADD7E28F9DC}.Release|x86.ActiveCfg = Release|Win32
		{FD7C5822-A49F-47B5-94E2-CADD7E28F9DC}.Release|x86.Build.0 = Release|Win32
		{DC402B7B-010C-4D12-B9E4-291C442CE476}.Debug|x64.ActiveCfg = Debug|x64
		{DC402B7B-010C-4D12-B9E4-291C442CE476}.Debug|x64.Build.0 = Debug|x64
		{DC402B7B-010C-4D12-B9E4-291C442CE476}.Debug|x86.ActiveCfg = Debug|Win32
		{DC402B7B-010C-4D12-B9E4-291C442CE476}.Debug|x86.Build.0 = Debug|Win32
		{DC402B7B-010C-4D12-B9E4-291C442CE476}.Release|x64.ActiveCfg = Release|x64
		{DC402B7B-010C-4D12-B9E4-291C442CE476}.Release|x64.Build.0 = Release|x64
		{DC402B7B-010C-4D12-B9E4-291C442CE476}.Release|x86.ActiveCfg = Release|Win32
		{DC402B7B-010C-4D12-B9E4-291C442CE476}.Release|x86.Build.0 = Release|Win32
		{AA7B3299-7508-40FE-A401-71425E553FBB}.Debug|x64.ActiveCfg = Debug|x64
		{AA7B3299-7508-40FE-A401-71425E553FBB}.Debug|x64.Build.0 = Debug|x64
		{AA7B3299-7508-40FE-A401-71425E553FBB}.Debug|x86.ActiveCfg = Debug|Win32
		{AA7B3299-7508-40FE-A401-71425E553FBB}.Debug|x86.Build.0 = Debug|Win32
		{AA7B3299-7508-40FE-A401-71425E553FBB}.Release|x64.ActiveCfg = Release|x64
		{AA7B3299-7508-40FE-A401-71425E553FBB}.Release|x64.Build.0 = Release|x64
		{AA7B3299-7508-40FE-A401-71425E553FBB}.Release|x86.ActiveCfg = Release|Win32
		{AA7B3299-7508-40FE-A401-71425E553FBB}.Release|x86.Build.0 = Release|Win32
	EndGlobalSection
	GlobalSection(SolutionProperties) = preSolution
		HideSolutionNode = FALSE
	EndGlobalSection
	GlobalSection(NestedProjects) = preSolution
		{79850FD8-0664-489B-BE7F-04E3D4FB6772} = {222E228C-E55B-43D5-9B60-759E20DC56D0}
		{EC8EC92C-7C3C-4FD0-9448-C14C9CB54F3F} = {222E228C-E55B-43D5-9B60-759E20DC56D0}
		{222E228C-E55B-43D5-9B60-759E20DC56D0} = {9216BE6B-6A01-4FEE-87E6-F22D21978EC5}
		{499188E5-B7B9-4D3E-BA6B-90041AFE459B} = {9216BE6B-6A01-4FEE-87E6-F22D21978EC5}
		{51F6B21B-7946-42E7-A215-9FF50BFA95F5} = {499188E5-B7B9-4D3E-BA6B-90041AFE459B}
		{2E0ED6D7-25A6-4338-A27B-5A1307F78C34} = {499188E5-B7B9-4D3E-BA6B-90041AFE459B}
		{3E8AB7EF-CB4A-4914-B3F0-AFBCA643A74D} = {499188E5-B7B9-4D3E-BA6B-90041AFE459B}
		{9ABC574D-7B95-44FF-9091-ACAC313DF642} = {222E228C-E55B-43D5-9B60-759E20DC56D0}
		{3A512641-20AA-48ED-8ADE-F97501221189} = {499188E5-B7B9-4D3E-BA6B-90041AFE459B}
		{C20835B6-018F-4595-BBE8-4E1C6AFADBFB} = {9216BE6B-6A01-4FEE-87E6-F22D21978EC5}
		{0F0FC569-FFFD-4EB3-ABBD-1900F3D0EB5F} = {C20835B6-018F-4595-BBE8-4E1C6AFADBFB}
		{31F39158-6D3D-4DD0-AC33-56BC216704B6} = {C20835B6-018F-4595-BBE8-4E1C6AFADBFB}
		{646C9212-E45A-419B-BCD2-7D62F5A67837} = {9216BE6B-6A01-4FEE-87E6-F22D21978EC5}
		{5EC9C9ED-63D8-4345-AE71-832A6A6E2B27} = {646C9212-E45A-419B-BCD2-7D62F5A67837}
		{C1C120AF-9653-4861-A968-79DE751681C5} = {9216BE6B-6A01-4FEE-87E6-F22D21978EC5}
		{5E9B00D6-080F-416A-91CE-77DC78DD9AF3} = {C1C120AF-9653-4861-A968-79DE751681C5}
		{A351E90E-0096-4AFE-957C-3665E0103135} = {9216BE6B-6A01-4FEE-87E6-F22D21978EC5}
		{92BE0BC1-10E5-44E4-A077-E188F34D6B74} = {A351E90E-0096-4AFE-957C-3665E0103135}
		{6E3CF7F7-3622-49ED-B2E1-790EB84E6727} = {90A1CE7B-45C7-41DF-B5C0-721FA0F93F27}
		{FD7C5822-A49F-47B5-94E2-CADD7E28F9DC} = {9216BE6B-6A01-4FEE-87E6-F22D21978EC5}
		{DC402B7B-010C-4D12-B9E4-291C442CE476} = {0ADD8400-C72A-446A-A414-6658907E54A2}
		{AA7B3299-7508-40FE-A401-71425E553FBB} = {6EE4D43C-9161-40EC-BC51-11BC8531F624}
	EndGlobalSection
	GlobalSection(ExtensibilityGlobals) = postSolution
		SolutionGuid = {6F322883-FC1D-4E3E-97E6-86C14D7950D0}
	EndGlobalSection
EndGlobal
