
Microsoft Visual Studio Solution File, Format Version 12.00
# Visual Studio Version 17
VisualStudioVersion = 17.7.34024.191
MinimumVisualStudioVersion = 10.0.40219.1
Project("{8BC9CEB8-8B4A-11D0-8D11-00A0C91BC942}") = "FirstConsoleApplication", "FirstConsoleApplication\FirstConsoleApplication.vcxproj", "{79850FD8-0664-489B-BE7F-04E3D4FB6772}"
EndProject
Project("{8BC9CEB8-8B4A-11D0-8D11-00A0C91BC942}") = "VariableConsoleApplication", "VariableConsoleApplication\VariableConsoleApplication.vcxproj", "{EC8EC92C-7C3C-4FD0-9448-C14C9CB54F3F}"
EndProject
Project("{2150E333-8FDC-42A3-9474-1A3956D46DE8}") = "01 Podstawy", "01 Podstawy", "{222E228C-E55B-43D5-9B60-759E20DC56D0}"
EndProject
Project("{2150E333-8FDC-42A3-9474-1A3956D46DE8}") = "02 Instrukcje decyzyjne", "02 Instrukcje decyzyjne", "{499188E5-B7B9-4D3E-BA6B-90041AFE459B}"
EndProject
Project("{8BC9CEB8-8B4A-11D0-8D11-00A0C91BC942}") = "InstructionIfConsoleApplication", "InstructionIfConsoleApplication\InstructionIfConsoleApplication.vcxproj", "{51F6B21B-7946-42E7-A215-9FF50BFA95F5}"
EndProject
Project("{8BC9CEB8-8B4A-11D0-8D11-00A0C91BC942}") = "LoopDoWhileConsoleApplication", "LoopDoWhileConsoleApplication\LoopDoWhileConsoleApplication.vcxproj", "{2E0ED6D7-25A6-4338-A27B-5A1307F78C34}"
EndProject
Project("{8BC9CEB8-8B4A-11D0-8D11-00A0C91BC942}") = "LoopWhileConsoleApplication", "LoopWhileConsoleApplication\LoopWhileConsoleApplication.vcxproj", "{3E8AB7EF-CB4A-4914-B3F0-AFBCA643A74D}"
EndProject
Project("{2150E333-8FDC-42A3-9474-1A3956D46DE8}") = "NewFolder1", "NewFolder1", "{9ABC574D-7B95-44FF-9091-ACAC313DF642}"
EndProject
Project("{8BC9CEB8-8B4A-11D0-8D11-00A0C91BC942}") = "LoopForConsoleApplication", "LoopForConsoleApplication\LoopForConsoleApplication.vcxproj", "{3A512641-20AA-48ED-8ADE-F97501221189}"
EndProject
Project("{2150E333-8FDC-42A3-9474-1A3956D46DE8}") = "03. Kolekcje", "03. Kolekcje", "{C20835B6-018F-4595-BBE8-4E1C6AFADBFB}"
EndProject
Project("{8BC9CEB8-8B4A-11D0-8D11-00A0C91BC942}") = "CharactersConsoleApplication", "CharactersConsoleApplication\CharactersConsoleApplication.vcxproj", "{0F0FC569-FFFD-4EB3-ABBD-1900F3D0EB5F}"
EndProject
Project("{8BC9CEB8-8B4A-11D0-8D11-00A0C91BC942}") = "ArrayConsoleApplication", "ArrayConsoleApplication\ArrayConsoleApplication.vcxproj", "{31F39158-6D3D-4DD0-AC33-56BC216704B6}"
EndProject
Project("{2150E333-8FDC-42A3-9474-1A3956D46DE8}") = "04. Funkcje", "04. Funkcje", "{646C9212-E45A-419B-BCD2-7D62F5A67837}"
EndProject
Project("{8BC9CEB8-8B4A-11D0-8D11-00A0C91BC942}") = "FunctionConsoleApplication", "FunctionConsoleApplication\FunctionConsoleApplication.vcxproj", "{5EC9C9ED-63D8-4345-AE71-832A6A6E2B27}"
EndProject
Global
	GlobalSection(SolutionConfigurationPlatforms) = preSolution
		Debug|x64 = Debug|x64
		Debug|x86 = Debug|x86
		Release|x64 = Release|x64
		Release|x86 = Release|x86
	EndGlobalSection
	GlobalSection(ProjectConfigurationPlatforms) = postSolution
		{79850FD8-0664-489B-BE7F-04E3D4FB6772}.Debug|x64.ActiveCfg = Debug|x64
		{79850FD8-0664-489B-BE7F-04E3D4FB6772}.Debug|x64.Build.0 = Debug|x64
		{79850FD8-0664-489B-BE7F-04E3D4FB6772}.Debug|x86.ActiveCfg = Debug|Win32
		{79850FD8-0664-489B-BE7F-04E3D4FB6772}.Debug|x86.Build.0 = Debug|Win32
		{79850FD8-0664-489B-BE7F-04E3D4FB6772}.Release|x64.ActiveCfg = Release|x64
		{79850FD8-0664-489B-BE7F-04E3D4FB6772}.Release|x64.Build.0 = Release|x64
		{79850FD8-0664-489B-BE7F-04E3D4FB6772}.Release|x86.ActiveCfg = Release|Win32
		{79850FD8-0664-489B-BE7F-04E3D4FB6772}.Release|x86.Build.0 = Release|Win32
		{EC8EC92C-7C3C-4FD0-9448-C14C9CB54F3F}.Debug|x64.ActiveCfg = Debug|x64
		{EC8EC92C-7C3C-4FD0-9448-C14C9CB54F3F}.Debug|x64.Build.0 = Debug|x64
		{EC8EC92C-7C3C-4FD0-9448-C14C9CB54F3F}.Debug|x86.ActiveCfg = Debug|Win32
		{EC8EC92C-7C3C-4FD0-9448-C14C9CB54F3F}.Debug|x86.Build.0 = Debug|Win32
		{EC8EC92C-7C3C-4FD0-9448-C14C9CB54F3F}.Release|x64.ActiveCfg = Release|x64
		{EC8EC92C-7C3C-4FD0-9448-C14C9CB54F3F}.Release|x64.Build.0 = Release|x64
		{EC8EC92C-7C3C-4FD0-9448-C14C9CB54F3F}.Release|x86.ActiveCfg = Release|Win32
		{EC8EC92C-7C3C-4FD0-9448-C14C9CB54F3F}.Release|x86.Build.0 = Release|Win32
		{51F6B21B-7946-42E7-A215-9FF50BFA95F5}.Debug|x64.ActiveCfg = Debug|x64
		{51F6B21B-7946-42E7-A215-9FF50BFA95F5}.Debug|x64.Build.0 = Debug|x64
		{51F6B21B-7946-42E7-A215-9FF50BFA95F5}.Debug|x86.ActiveCfg = Debug|Win32
		{51F6B21B-7946-42E7-A215-9FF50BFA95F5}.Debug|x86.Build.0 = Debug|Win32
		{51F6B21B-7946-42E7-A215-9FF50BFA95F5}.Release|x64.ActiveCfg = Release|x64
		{51F6B21B-7946-42E7-A215-9FF50BFA95F5}.Release|x64.Build.0 = Release|x64
		{51F6B21B-7946-42E7-A215-9FF50BFA95F5}.Release|x86.ActiveCfg = Release|Win32
		{51F6B21B-7946-42E7-A215-9FF50BFA95F5}.Release|x86.Build.0 = Release|Win32
		{2E0ED6D7-25A6-4338-A27B-5A1307F78C34}.Debug|x64.ActiveCfg = Debug|x64
		{2E0ED6D7-25A6-4338-A27B-5A1307F78C34}.Debug|x64.Build.0 = Debug|x64
		{2E0ED6D7-25A6-4338-A27B-5A1307F78C34}.Debug|x86.ActiveCfg = Debug|Win32
		{2E0ED6D7-25A6-4338-A27B-5A1307F78C34}.Debug|x86.Build.0 = Debug|Win32
		{2E0ED6D7-25A6-4338-A27B-5A1307F78C34}.Release|x64.ActiveCfg = Release|x64
		{2E0ED6D7-25A6-4338-A27B-5A1307F78C34}.Release|x64.Build.0 = Release|x64
		{2E0ED6D7-25A6-4338-A27B-5A1307F78C34}.Release|x86.ActiveCfg = Release|Win32
		{2E0ED6D7-25A6-4338-A27B-5A1307F78C34}.Release|x86.Build.0 = Release|Win32
		{3E8AB7EF-CB4A-4914-B3F0-AFBCA643A74D}.Debug|x64.ActiveCfg = Debug|x64
		{3E8AB7EF-CB4A-4914-B3F0-AFBCA643A74D}.Debug|x64.Build.0 = Debug|x64
		{3E8AB7EF-CB4A-4914-B3F0-AFBCA643A74D}.Debug|x86.ActiveCfg = Debug|Win32
		{3E8AB7EF-CB4A-4914-B3F0-AFBCA643A74D}.Debug|x86.Build.0 = Debug|Win32
		{3E8AB7EF-CB4A-4914-B3F0-AFBCA643A74D}.Release|x64.ActiveCfg = Release|x64
		{3E8AB7EF-CB4A-4914-B3F0-AFBCA643A74D}.Release|x64.Build.0 = Release|x64
		{3E8AB7EF-CB4A-4914-B3F0-AFBCA643A74D}.Release|x86.ActiveCfg = Release|Win32
		{3E8AB7EF-CB4A-4914-B3F0-AFBCA643A74D}.Release|x86.Build.0 = Release|Win32
		{3A512641-20AA-48ED-8ADE-F97501221189}.Debug|x64.ActiveCfg = Debug|x64
		{3A512641-20AA-48ED-8ADE-F97501221189}.Debug|x64.Build.0 = Debug|x64
		{3A512641-20AA-48ED-8ADE-F97501221189}.Debug|x86.ActiveCfg = Debug|Win32
		{3A512641-20AA-48ED-8ADE-F97501221189}.Debug|x86.Build.0 = Debug|Win32
		{3A512641-20AA-48ED-8ADE-F97501221189}.Release|x64.ActiveCfg = Release|x64
		{3A512641-20AA-48ED-8ADE-F97501221189}.Release|x64.Build.0 = Release|x64
		{3A512641-20AA-48ED-8ADE-F97501221189}.Release|x86.ActiveCfg = Release|Win32
		{3A512641-20AA-48ED-8ADE-F97501221189}.Release|x86.Build.0 = Release|Win32
		{0F0FC569-FFFD-4EB3-ABBD-1900F3D0EB5F}.Debug|x64.ActiveCfg = Debug|x64
		{0F0FC569-FFFD-4EB3-ABBD-1900F3D0EB5F}.Debug|x64.Build.0 = Debug|x64
		{0F0FC569-FFFD-4EB3-ABBD-1900F3D0EB5F}.Debug|x86.ActiveCfg = Debug|Win32
		{0F0FC569-FFFD-4EB3-ABBD-1900F3D0EB5F}.Debug|x86.Build.0 = Debug|Win32
		{0F0FC569-FFFD-4EB3-ABBD-1900F3D0EB5F}.Release|x64.ActiveCfg = Release|x64
		{0F0FC569-FFFD-4EB3-ABBD-1900F3D0EB5F}.Release|x64.Build.0 = Release|x64
		{0F0FC569-FFFD-4EB3-ABBD-1900F3D0EB5F}.Release|x86.ActiveCfg = Release|Win32
		{0F0FC569-FFFD-4EB3-ABBD-1900F3D0EB5F}.Release|x86.Build.0 = Release|Win32
		{31F39158-6D3D-4DD0-AC33-56BC216704B6}.Debug|x64.ActiveCfg = Debug|x64
		{31F39158-6D3D-4DD0-AC33-56BC216704B6}.Debug|x64.Build.0 = Debug|x64
		{31F39158-6D3D-4DD0-AC33-56BC216704B6}.Debug|x86.ActiveCfg = Debug|Win32
		{31F39158-6D3D-4DD0-AC33-56BC216704B6}.Debug|x86.Build.0 = Debug|Win32
		{31F39158-6D3D-4DD0-AC33-56BC216704B6}.Release|x64.ActiveCfg = Release|x64
		{31F39158-6D3D-4DD0-AC33-56BC216704B6}.Release|x64.Build.0 = Release|x64
		{31F39158-6D3D-4DD0-AC33-56BC216704B6}.Release|x86.ActiveCfg = Release|Win32
		{31F39158-6D3D-4DD0-AC33-56BC216704B6}.Release|x86.Build.0 = Release|Win32
		{5EC9C9ED-63D8-4345-AE71-832A6A6E2B27}.Debug|x64.ActiveCfg = Debug|x64
		{5EC9C9ED-63D8-4345-AE71-832A6A6E2B27}.Debug|x64.Build.0 = Debug|x64
		{5EC9C9ED-63D8-4345-AE71-832A6A6E2B27}.Debug|x86.ActiveCfg = Debug|Win32
		{5EC9C9ED-63D8-4345-AE71-832A6A6E2B27}.Debug|x86.Build.0 = Debug|Win32
		{5EC9C9ED-63D8-4345-AE71-832A6A6E2B27}.Release|x64.ActiveCfg = Release|x64
		{5EC9C9ED-63D8-4345-AE71-832A6A6E2B27}.Release|x64.Build.0 = Release|x64
		{5EC9C9ED-63D8-4345-AE71-832A6A6E2B27}.Release|x86.ActiveCfg = Release|Win32
		{5EC9C9ED-63D8-4345-AE71-832A6A6E2B27}.Release|x86.Build.0 = Release|Win32
	EndGlobalSection
	GlobalSection(SolutionProperties) = preSolution
		HideSolutionNode = FALSE
	EndGlobalSection
	GlobalSection(NestedProjects) = preSolution
		{79850FD8-0664-489B-BE7F-04E3D4FB6772} = {222E228C-E55B-43D5-9B60-759E20DC56D0}
		{EC8EC92C-7C3C-4FD0-9448-C14C9CB54F3F} = {222E228C-E55B-43D5-9B60-759E20DC56D0}
		{51F6B21B-7946-42E7-A215-9FF50BFA95F5} = {499188E5-B7B9-4D3E-BA6B-90041AFE459B}
		{2E0ED6D7-25A6-4338-A27B-5A1307F78C34} = {499188E5-B7B9-4D3E-BA6B-90041AFE459B}
		{3E8AB7EF-CB4A-4914-B3F0-AFBCA643A74D} = {499188E5-B7B9-4D3E-BA6B-90041AFE459B}
		{9ABC574D-7B95-44FF-9091-ACAC313DF642} = {222E228C-E55B-43D5-9B60-759E20DC56D0}
		{3A512641-20AA-48ED-8ADE-F97501221189} = {499188E5-B7B9-4D3E-BA6B-90041AFE459B}
		{0F0FC569-FFFD-4EB3-ABBD-1900F3D0EB5F} = {C20835B6-018F-4595-BBE8-4E1C6AFADBFB}
		{31F39158-6D3D-4DD0-AC33-56BC216704B6} = {C20835B6-018F-4595-BBE8-4E1C6AFADBFB}
		{5EC9C9ED-63D8-4345-AE71-832A6A6E2B27} = {646C9212-E45A-419B-BCD2-7D62F5A67837}
	EndGlobalSection
	GlobalSection(ExtensibilityGlobals) = postSolution
		SolutionGuid = {6F322883-FC1D-4E3E-97E6-86C14D7950D0}
	EndGlobalSection
EndGlobal
